
Microsoft Visual Studio Solution File, Format Version 12.00
# Visual Studio Version 17
VisualStudioVersion = 17.6.33829.357
MinimumVisualStudioVersion = 10.0.40219.1
Project("{9A19103F-16F7-4668-BE54-9A1E7A4F7556}") = "WebApp", "WebApp\WebApp.csproj", "{3F227452-85E5-493C-AE64-BC5E1C4FAE1F}"
EndProject
Project("{9A19103F-16F7-4668-BE54-9A1E7A4F7556}") = "Entity", "Entity\Entity.csproj", "{AF3D7EF6-E174-4059-9219-E3E93291D305}"
EndProject
Project("{9A19103F-16F7-4668-BE54-9A1E7A4F7556}") = "DataAccessLayer", "DataAccessLayer\DataAccessLayer.csproj", "{FE2000A6-5986-4C49-922B-990397037035}"
EndProject
Project("{9A19103F-16F7-4668-BE54-9A1E7A4F7556}") = "Business", "Business\Business.csproj", "{99CBF39F-3E79-483B-B178-6FB90F22FC4C}"
EndProject
Project("{FAE04EC0-301F-11D3-BF4B-00C04F79EFBC}") = "Api", "Api\Api.csproj", "{5626CA1C-C9E5-4171-949E-871C025369B8}"
EndProject
Global
	GlobalSection(SolutionConfigurationPlatforms) = preSolution
		Debug|Any CPU = Debug|Any CPU
		Release|Any CPU = Release|Any CPU
	EndGlobalSection
	GlobalSection(ProjectConfigurationPlatforms) = postSolution
		{3F227452-85E5-493C-AE64-BC5E1C4FAE1F}.Debug|Any CPU.ActiveCfg = Debug|Any CPU
		{3F227452-85E5-493C-AE64-BC5E1C4FAE1F}.Debug|Any CPU.Build.0 = Debug|Any CPU
		{3F227452-85E5-493C-AE64-BC5E1C4FAE1F}.Release|Any CPU.ActiveCfg = Release|Any CPU
		{3F227452-85E5-493C-AE64-BC5E1C4FAE1F}.Release|Any CPU.Build.0 = Release|Any CPU
		{AF3D7EF6-E174-4059-9219-E3E93291D305}.Debug|Any CPU.ActiveCfg = Debug|Any CPU
		{AF3D7EF6-E174-4059-9219-E3E93291D305}.Debug|Any CPU.Build.0 = Debug|Any CPU
		{AF3D7EF6-E174-4059-9219-E3E93291D305}.Release|Any CPU.ActiveCfg = Release|Any CPU
		{AF3D7EF6-E174-4059-9219-E3E93291D305}.Release|Any CPU.Build.0 = Release|Any CPU
		{FE2000A6-5986-4C49-922B-990397037035}.Debug|Any CPU.ActiveCfg = Debug|Any CPU
		{FE2000A6-5986-4C49-922B-990397037035}.Debug|Any CPU.Build.0 = Debug|Any CPU
		{FE2000A6-5986-4C49-922B-990397037035}.Release|Any CPU.ActiveCfg = Release|Any CPU
		{FE2000A6-5986-4C49-922B-990397037035}.Release|Any CPU.Build.0 = Release|Any CPU
		{99CBF39F-3E79-483B-B178-6FB90F22FC4C}.Debug|Any CPU.ActiveCfg = Debug|Any CPU
		{99CBF39F-3E79-483B-B178-6FB90F22FC4C}.Debug|Any CPU.Build.0 = Debug|Any CPU
		{99CBF39F-3E79-483B-B178-6FB90F22FC4C}.Release|Any CPU.ActiveCfg = Release|Any CPU
		{99CBF39F-3E79-483B-B178-6FB90F22FC4C}.Release|Any CPU.Build.0 = Release|Any CPU
		{5626CA1C-C9E5-4171-949E-871C025369B8}.Debug|Any CPU.ActiveCfg = Debug|Any CPU
		{5626CA1C-C9E5-4171-949E-871C025369B8}.Debug|Any CPU.Build.0 = Debug|Any CPU
		{5626CA1C-C9E5-4171-949E-871C025369B8}.Release|Any CPU.ActiveCfg = Release|Any CPU
		{5626CA1C-C9E5-4171-949E-871C025369B8}.Release|Any CPU.Build.0 = Release|Any CPU
	EndGlobalSection
	GlobalSection(SolutionProperties) = preSolution
		HideSolutionNode = FALSE
	EndGlobalSection
	GlobalSection(ExtensibilityGlobals) = postSolution
		SolutionGuid = {FF998838-8D3D-4C73-83A9-31E170E3CBBD}
	EndGlobalSection
EndGlobal
