
Microsoft Visual Studio Solution File, Format Version 12.00
# Visual Studio Version 17
VisualStudioVersion = 17.6.33829.357
MinimumVisualStudioVersion = 10.0.40219.1
Project("{FAE04EC0-301F-11D3-BF4B-00C04F79EFBC}") = "WebApp", "WebApp\WebApp.csproj", "{3F227452-85E5-493C-AE64-BC5E1C4FAE1F}"
EndProject
Global
	GlobalSection(SolutionConfigurationPlatforms) = preSolution
		Debug|Any CPU = Debug|Any CPU
		Release|Any CPU = Release|Any CPU
	EndGlobalSection
	GlobalSection(ProjectConfigurationPlatforms) = postSolution
		{3F227452-85E5-493C-AE64-BC5E1C4FAE1F}.Debug|Any CPU.ActiveCfg = Debug|Any CPU
		{3F227452-85E5-493C-AE64-BC5E1C4FAE1F}.Debug|Any CPU.Build.0 = Debug|Any CPU
		{3F227452-85E5-493C-AE64-BC5E1C4FAE1F}.Release|Any CPU.ActiveCfg = Release|Any CPU
		{3F227452-85E5-493C-AE64-BC5E1C4FAE1F}.Release|Any CPU.Build.0 = Release|Any CPU
	EndGlobalSection
	GlobalSection(SolutionProperties) = preSolution
		HideSolutionNode = FALSE
	EndGlobalSection
	GlobalSection(ExtensibilityGlobals) = postSolution
		SolutionGuid = {FF998838-8D3D-4C73-83A9-31E170E3CBBD}
	EndGlobalSection
EndGlobal
